
Microsoft Visual Studio Solution File, Format Version 12.00
# Visual Studio Version 17
VisualStudioVersion = 17.6.33723.286
MinimumVisualStudioVersion = 10.0.40219.1
Project("{FAE04EC0-301F-11D3-BF4B-00C04F79EFBC}") = "bccTest", "bccTest\bccTest.csproj", "{726F8D2A-9D6B-4A2C-87EE-F11357A0C31D}"
EndProject
Global
	GlobalSection(SolutionConfigurationPlatforms) = preSolution
		Debug|Any CPU = Debug|Any CPU
		Release|Any CPU = Release|Any CPU
	EndGlobalSection
	GlobalSection(ProjectConfigurationPlatforms) = postSolution
		{726F8D2A-9D6B-4A2C-87EE-F11357A0C31D}.Debug|Any CPU.ActiveCfg = Debug|Any CPU
		{726F8D2A-9D6B-4A2C-87EE-F11357A0C31D}.Debug|Any CPU.Build.0 = Debug|Any CPU
		{726F8D2A-9D6B-4A2C-87EE-F11357A0C31D}.Release|Any CPU.ActiveCfg = Release|Any CPU
		{726F8D2A-9D6B-4A2C-87EE-F11357A0C31D}.Release|Any CPU.Build.0 = Release|Any CPU
	EndGlobalSection
	GlobalSection(SolutionProperties) = preSolution
		HideSolutionNode = FALSE
	EndGlobalSection
	GlobalSection(ExtensibilityGlobals) = postSolution
		SolutionGuid = {D045DDB3-BCBE-4D22-A31E-B2D45C663DBD}
	EndGlobalSection
EndGlobal
